
Microsoft Visual Studio Solution File, Format Version 12.00
# Visual Studio Version 16
VisualStudioVersion = 16.0.30517.126
MinimumVisualStudioVersion = 10.0.40219.1
Project("{FAE04EC0-301F-11D3-BF4B-00C04F79EFBC}") = "WpfStudents", "WpfStudents.csproj", "{65B4E8E5-BF54-4413-A2BB-FDF243F048AE}"
EndProject
Global
	GlobalSection(SolutionConfigurationPlatforms) = preSolution
		Debug|Any CPU = Debug|Any CPU
		Release|Any CPU = Release|Any CPU
	EndGlobalSection
	GlobalSection(ProjectConfigurationPlatforms) = postSolution
		{65B4E8E5-BF54-4413-A2BB-FDF243F048AE}.Debug|Any CPU.ActiveCfg = Debug|Any CPU
		{65B4E8E5-BF54-4413-A2BB-FDF243F048AE}.Debug|Any CPU.Build.0 = Debug|Any CPU
		{65B4E8E5-BF54-4413-A2BB-FDF243F048AE}.Release|Any CPU.ActiveCfg = Release|Any CPU
		{65B4E8E5-BF54-4413-A2BB-FDF243F048AE}.Release|Any CPU.Build.0 = Release|Any CPU
	EndGlobalSection
	GlobalSection(SolutionProperties) = preSolution
		HideSolutionNode = FALSE
	EndGlobalSection
	GlobalSection(ExtensibilityGlobals) = postSolution
		SolutionGuid = {9B423616-0FF3-4D26-A9BB-71F931C99C20}
	EndGlobalSection
EndGlobal
